// !$*UTF8*$!
{
	archiveVersion = 1;
	classes = {
	};
	objectVersion = 46;
	objects = {

/* Begin PBXBuildFile section */
		1865DFF21C78ABBA00C0193D /* XLScrollViewer in Resources */ = {isa = PBXBuildFile; fileRef = 1865DFF11C78ABBA00C0193D /* XLScrollViewer */; };
		186AABE61C65F5F000725A85 /* selected@2x.png in Resources */ = {isa = PBXBuildFile; fileRef = 186AABE51C65F5F000725A85 /* selected@2x.png */; };
		186B40281C61F92800279D66 /* RootNavigationController.m in Sources */ = {isa = PBXBuildFile; fileRef = 186B40271C61F92800279D66 /* RootNavigationController.m */; };
		186B402B1C61FA2C00279D66 /* RootTabBarController.m in Sources */ = {isa = PBXBuildFile; fileRef = 186B402A1C61FA2C00279D66 /* RootTabBarController.m */; };
		188791BC1C80548300A83251 /* MJRefresh.bundle in Resources */ = {isa = PBXBuildFile; fileRef = 188791AC1C80548300A83251 /* MJRefresh.bundle */; };
		188791BD1C80548300A83251 /* MJRefreshBaseView.m in Sources */ = {isa = PBXBuildFile; fileRef = 188791AF1C80548300A83251 /* MJRefreshBaseView.m */; };
		188791BE1C80548300A83251 /* MJRefreshConst.m in Sources */ = {isa = PBXBuildFile; fileRef = 188791B11C80548300A83251 /* MJRefreshConst.m */; };
		188791BF1C80548300A83251 /* MJRefreshFooterView.m in Sources */ = {isa = PBXBuildFile; fileRef = 188791B31C80548300A83251 /* MJRefreshFooterView.m */; };
		188791C01C80548300A83251 /* MJRefreshHeaderView.m in Sources */ = {isa = PBXBuildFile; fileRef = 188791B51C80548300A83251 /* MJRefreshHeaderView.m */; };
		188791C11C80548300A83251 /* UIScrollView+MJExtension.m in Sources */ = {isa = PBXBuildFile; fileRef = 188791B71C80548300A83251 /* UIScrollView+MJExtension.m */; };
		188791C21C80548300A83251 /* UIScrollView+MJRefresh.m in Sources */ = {isa = PBXBuildFile; fileRef = 188791B91C80548300A83251 /* UIScrollView+MJRefresh.m */; };
		188791C31C80548300A83251 /* UIView+MJExtension.m in Sources */ = {isa = PBXBuildFile; fileRef = 188791BB1C80548300A83251 /* UIView+MJExtension.m */; };
		189695F81C60E66200B7CFF7 /* main.m in Sources */ = {isa = PBXBuildFile; fileRef = 189695F71C60E66200B7CFF7 /* main.m */; };
		189695FB1C60E66200B7CFF7 /* AppDelegate.m in Sources */ = {isa = PBXBuildFile; fileRef = 189695FA1C60E66200B7CFF7 /* AppDelegate.m */; };
		189695FE1C60E66200B7CFF7 /* ViewController.m in Sources */ = {isa = PBXBuildFile; fileRef = 189695FD1C60E66200B7CFF7 /* ViewController.m */; };
		189696011C60E66200B7CFF7 /* Main.storyboard in Resources */ = {isa = PBXBuildFile; fileRef = 189695FF1C60E66200B7CFF7 /* Main.storyboard */; };
		189696031C60E66300B7CFF7 /* Assets.xcassets in Resources */ = {isa = PBXBuildFile; fileRef = 189696021C60E66300B7CFF7 /* Assets.xcassets */; };
		189696061C60E66300B7CFF7 /* LaunchScreen.storyboard in Resources */ = {isa = PBXBuildFile; fileRef = 189696041C60E66300B7CFF7 /* LaunchScreen.storyboard */; };
		189696111C60E66300B7CFF7 /* VideoTests.m in Sources */ = {isa = PBXBuildFile; fileRef = 189696101C60E66300B7CFF7 /* VideoTests.m */; };
		1896961C1C60E66300B7CFF7 /* VideoUITests.m in Sources */ = {isa = PBXBuildFile; fileRef = 1896961B1C60E66300B7CFF7 /* VideoUITests.m */; };
		189D6ED81C7F018600FB4E07 /* MyView1.m in Sources */ = {isa = PBXBuildFile; fileRef = 189D6ED71C7F018600FB4E07 /* MyView1.m */; };
		189D6EDB1C7F033D00FB4E07 /* MyTableViewCell.m in Sources */ = {isa = PBXBuildFile; fileRef = 189D6EDA1C7F033D00FB4E07 /* MyTableViewCell.m */; };
		189D6EDE1C7F05DD00FB4E07 /* MyView2.m in Sources */ = {isa = PBXBuildFile; fileRef = 189D6EDD1C7F05DD00FB4E07 /* MyView2.m */; };
		189D6EE11C7F05E500FB4E07 /* MyView3.m in Sources */ = {isa = PBXBuildFile; fileRef = 189D6EE01C7F05E500FB4E07 /* MyView3.m */; };
		189D6EE41C7F05F300FB4E07 /* MyView4.m in Sources */ = {isa = PBXBuildFile; fileRef = 189D6EE31C7F05F300FB4E07 /* MyView4.m */; };
		189D6EE71C7F05FC00FB4E07 /* MyView5.m in Sources */ = {isa = PBXBuildFile; fileRef = 189D6EE61C7F05FC00FB4E07 /* MyView5.m */; };
		189D6EEA1C7F060700FB4E07 /* MyView6.m in Sources */ = {isa = PBXBuildFile; fileRef = 189D6EE91C7F060700FB4E07 /* MyView6.m */; };
/* End PBXBuildFile section */

/* Begin PBXContainerItemProxy section */
		1896960D1C60E66300B7CFF7 /* PBXContainerItemProxy */ = {
			isa = PBXContainerItemProxy;
			containerPortal = 189695EB1C60E66200B7CFF7 /* Project object */;
			proxyType = 1;
			remoteGlobalIDString = 189695F21C60E66200B7CFF7;
			remoteInfo = Video;
		};
		189696181C60E66300B7CFF7 /* PBXContainerItemProxy */ = {
			isa = PBXContainerItemProxy;
			containerPortal = 189695EB1C60E66200B7CFF7 /* Project object */;
			proxyType = 1;
			remoteGlobalIDString = 189695F21C60E66200B7CFF7;
			remoteInfo = Video;
		};
/* End PBXContainerItemProxy section */

/* Begin PBXFileReference section */
		1860C48D1C634F4000B4127D /* PrefixHeader.pch */ = {isa = PBXFileReference; lastKnownFileType = sourcecode.c.h; path = PrefixHeader.pch; sourceTree = "<group>"; };
		1865DFF11C78ABBA00C0193D /* XLScrollViewer */ = {isa = PBXFileReference; lastKnownFileType = folder; path = XLScrollViewer; sourceTree = "<group>"; };
		186AABE51C65F5F000725A85 /* selected@2x.png */ = {isa = PBXFileReference; lastKnownFileType = image.png; path = "selected@2x.png"; sourceTree = "<group>"; };
		186B40261C61F92800279D66 /* RootNavigationController.h */ = {isa = PBXFileReference; fileEncoding = 4; lastKnownFileType = sourcecode.c.h; path = RootNavigationController.h; sourceTree = "<group>"; };
		186B40271C61F92800279D66 /* RootNavigationController.m */ = {isa = PBXFileReference; fileEncoding = 4; lastKnownFileType = sourcecode.c.objc; path = RootNavigationController.m; sourceTree = "<group>"; };
		186B40291C61FA2C00279D66 /* RootTabBarController.h */ = {isa = PBXFileReference; fileEncoding = 4; lastKnownFileType = sourcecode.c.h; path = RootTabBarController.h; sourceTree = "<group>"; };
		186B402A1C61FA2C00279D66 /* RootTabBarController.m */ = {isa = PBXFileReference; fileEncoding = 4; lastKnownFileType = sourcecode.c.objc; path = RootTabBarController.m; sourceTree = "<group>"; };
		188791AC1C80548300A83251 /* MJRefresh.bundle */ = {isa = PBXFileReference; lastKnownFileType = "wrapper.plug-in"; path = MJRefresh.bundle; sourceTree = "<group>"; };
		188791AD1C80548300A83251 /* MJRefresh.h */ = {isa = PBXFileReference; fileEncoding = 4; lastKnownFileType = sourcecode.c.h; path = MJRefresh.h; sourceTree = "<group>"; };
		188791AE1C80548300A83251 /* MJRefreshBaseView.h */ = {isa = PBXFileReference; fileEncoding = 4; lastKnownFileType = sourcecode.c.h; path = MJRefreshBaseView.h; sourceTree = "<group>"; };
		188791AF1C80548300A83251 /* MJRefreshBaseView.m */ = {isa = PBXFileReference; fileEncoding = 4; lastKnownFileType = sourcecode.c.objc; path = MJRefreshBaseView.m; sourceTree = "<group>"; };
		188791B01C80548300A83251 /* MJRefreshConst.h */ = {isa = PBXFileReference; fileEncoding = 4; lastKnownFileType = sourcecode.c.h; path = MJRefreshConst.h; sourceTree = "<group>"; };
		188791B11C80548300A83251 /* MJRefreshConst.m */ = {isa = PBXFileReference; fileEncoding = 4; lastKnownFileType = sourcecode.c.objc; path = MJRefreshConst.m; sourceTree = "<group>"; };
		188791B21C80548300A83251 /* MJRefreshFooterView.h */ = {isa = PBXFileReference; fileEncoding = 4; lastKnownFileType = sourcecode.c.h; path = MJRefreshFooterView.h; sourceTree = "<group>"; };
		188791B31C80548300A83251 /* MJRefreshFooterView.m */ = {isa = PBXFileReference; fileEncoding = 4; lastKnownFileType = sourcecode.c.objc; path = MJRefreshFooterView.m; sourceTree = "<group>"; };
		188791B41C80548300A83251 /* MJRefreshHeaderView.h */ = {isa = PBXFileReference; fileEncoding = 4; lastKnownFileType = sourcecode.c.h; path = MJRefreshHeaderView.h; sourceTree = "<group>"; };
		188791B51C80548300A83251 /* MJRefreshHeaderView.m */ = {isa = PBXFileReference; fileEncoding = 4; lastKnownFileType = sourcecode.c.objc; path = MJRefreshHeaderView.m; sourceTree = "<group>"; };
		188791B61C80548300A83251 /* UIScrollView+MJExtension.h */ = {isa = PBXFileReference; fileEncoding = 4; lastKnownFileType = sourcecode.c.h; path = "UIScrollView+MJExtension.h"; sourceTree = "<group>"; };
		188791B71C80548300A83251 /* UIScrollView+MJExtension.m */ = {isa = PBXFileReference; fileEncoding = 4; lastKnownFileType = sourcecode.c.objc; path = "UIScrollView+MJExtension.m"; sourceTree = "<group>"; };
		188791B81C80548300A83251 /* UIScrollView+MJRefresh.h */ = {isa = PBXFileReference; fileEncoding = 4; lastKnownFileType = sourcecode.c.h; path = "UIScrollView+MJRefresh.h"; sourceTree = "<group>"; };
		188791B91C80548300A83251 /* UIScrollView+MJRefresh.m */ = {isa = PBXFileReference; fileEncoding = 4; lastKnownFileType = sourcecode.c.objc; path = "UIScrollView+MJRefresh.m"; sourceTree = "<group>"; };
		188791BA1C80548300A83251 /* UIView+MJExtension.h */ = {isa = PBXFileReference; fileEncoding = 4; lastKnownFileType = sourcecode.c.h; path = "UIView+MJExtension.h"; sourceTree = "<group>"; };
		188791BB1C80548300A83251 /* UIView+MJExtension.m */ = {isa = PBXFileReference; fileEncoding = 4; lastKnownFileType = sourcecode.c.objc; path = "UIView+MJExtension.m"; sourceTree = "<group>"; };
		189695F31C60E66200B7CFF7 /* Video.app */ = {isa = PBXFileReference; explicitFileType = wrapper.application; includeInIndex = 0; path = Video.app; sourceTree = BUILT_PRODUCTS_DIR; };
		189695F71C60E66200B7CFF7 /* main.m */ = {isa = PBXFileReference; lastKnownFileType = sourcecode.c.objc; path = main.m; sourceTree = "<group>"; };
		189695F91C60E66200B7CFF7 /* AppDelegate.h */ = {isa = PBXFileReference; lastKnownFileType = sourcecode.c.h; path = AppDelegate.h; sourceTree = "<group>"; };
		189695FA1C60E66200B7CFF7 /* AppDelegate.m */ = {isa = PBXFileReference; lastKnownFileType = sourcecode.c.objc; path = AppDelegate.m; sourceTree = "<group>"; };
		189695FC1C60E66200B7CFF7 /* ViewController.h */ = {isa = PBXFileReference; lastKnownFileType = sourcecode.c.h; path = ViewController.h; sourceTree = "<group>"; };
		189695FD1C60E66200B7CFF7 /* ViewController.m */ = {isa = PBXFileReference; lastKnownFileType = sourcecode.c.objc; path = ViewController.m; sourceTree = "<group>"; };
		189696001C60E66200B7CFF7 /* Base */ = {isa = PBXFileReference; lastKnownFileType = file.storyboard; name = Base; path = Base.lproj/Main.storyboard; sourceTree = "<group>"; };
		189696021C60E66300B7CFF7 /* Assets.xcassets */ = {isa = PBXFileReference; lastKnownFileType = folder.assetcatalog; path = Assets.xcassets; sourceTree = "<group>"; };
		189696051C60E66300B7CFF7 /* Base */ = {isa = PBXFileReference; lastKnownFileType = file.storyboard; name = Base; path = Base.lproj/LaunchScreen.storyboard; sourceTree = "<group>"; };
		189696071C60E66300B7CFF7 /* Info.plist */ = {isa = PBXFileReference; lastKnownFileType = text.plist.xml; path = Info.plist; sourceTree = "<group>"; };
		1896960C1C60E66300B7CFF7 /* VideoTests.xctest */ = {isa = PBXFileReference; explicitFileType = wrapper.cfbundle; includeInIndex = 0; path = VideoTests.xctest; sourceTree = BUILT_PRODUCTS_DIR; };
		189696101C60E66300B7CFF7 /* VideoTests.m */ = {isa = PBXFileReference; lastKnownFileType = sourcecode.c.objc; path = VideoTests.m; sourceTree = "<group>"; };
		189696121C60E66300B7CFF7 /* Info.plist */ = {isa = PBXFileReference; lastKnownFileType = text.plist.xml; path = Info.plist; sourceTree = "<group>"; };
		189696171C60E66300B7CFF7 /* VideoUITests.xctest */ = {isa = PBXFileReference; explicitFileType = wrapper.cfbundle; includeInIndex = 0; path = VideoUITests.xctest; sourceTree = BUILT_PRODUCTS_DIR; };
		1896961B1C60E66300B7CFF7 /* VideoUITests.m */ = {isa = PBXFileReference; lastKnownFileType = sourcecode.c.objc; path = VideoUITests.m; sourceTree = "<group>"; };
		1896961D1C60E66300B7CFF7 /* Info.plist */ = {isa = PBXFileReference; lastKnownFileType = text.plist.xml; path = Info.plist; sourceTree = "<group>"; };
		189D6ED61C7F018600FB4E07 /* MyView1.h */ = {isa = PBXFileReference; fileEncoding = 4; lastKnownFileType = sourcecode.c.h; path = MyView1.h; sourceTree = "<group>"; };
		189D6ED71C7F018600FB4E07 /* MyView1.m */ = {isa = PBXFileReference; fileEncoding = 4; lastKnownFileType = sourcecode.c.objc; path = MyView1.m; sourceTree = "<group>"; };
		189D6ED91C7F033D00FB4E07 /* MyTableViewCell.h */ = {isa = PBXFileReference; fileEncoding = 4; lastKnownFileType = sourcecode.c.h; path = MyTableViewCell.h; sourceTree = "<group>"; };
		189D6EDA1C7F033D00FB4E07 /* MyTableViewCell.m */ = {isa = PBXFileReference; fileEncoding = 4; lastKnownFileType = sourcecode.c.objc; path = MyTableViewCell.m; sourceTree = "<group>"; };
		189D6EDC1C7F05DD00FB4E07 /* MyView2.h */ = {isa = PBXFileReference; fileEncoding = 4; lastKnownFileType = sourcecode.c.h; path = MyView2.h; sourceTree = "<group>"; };
		189D6EDD1C7F05DD00FB4E07 /* MyView2.m */ = {isa = PBXFileReference; fileEncoding = 4; lastKnownFileType = sourcecode.c.objc; path = MyView2.m; sourceTree = "<group>"; };
		189D6EDF1C7F05E500FB4E07 /* MyView3.h */ = {isa = PBXFileReference; fileEncoding = 4; lastKnownFileType = sourcecode.c.h; path = MyView3.h; sourceTree = "<group>"; };
		189D6EE01C7F05E500FB4E07 /* MyView3.m */ = {isa = PBXFileReference; fileEncoding = 4; lastKnownFileType = sourcecode.c.objc; path = MyView3.m; sourceTree = "<group>"; };
		189D6EE21C7F05F300FB4E07 /* MyView4.h */ = {isa = PBXFileReference; fileEncoding = 4; lastKnownFileType = sourcecode.c.h; path = MyView4.h; sourceTree = "<group>"; };
		189D6EE31C7F05F300FB4E07 /* MyView4.m */ = {isa = PBXFileReference; fileEncoding = 4; lastKnownFileType = sourcecode.c.objc; path = MyView4.m; sourceTree = "<group>"; };
		189D6EE51C7F05FC00FB4E07 /* MyView5.h */ = {isa = PBXFileReference; fileEncoding = 4; lastKnownFileType = sourcecode.c.h; path = MyView5.h; sourceTree = "<group>"; };
		189D6EE61C7F05FC00FB4E07 /* MyView5.m */ = {isa = PBXFileReference; fileEncoding = 4; lastKnownFileType = sourcecode.c.objc; path = MyView5.m; sourceTree = "<group>"; };
		189D6EE81C7F060700FB4E07 /* MyView6.h */ = {isa = PBXFileReference; fileEncoding = 4; lastKnownFileType = sourcecode.c.h; path = MyView6.h; sourceTree = "<group>"; };
		189D6EE91C7F060700FB4E07 /* MyView6.m */ = {isa = PBXFileReference; fileEncoding = 4; lastKnownFileType = sourcecode.c.objc; path = MyView6.m; sourceTree = "<group>"; };
/* End PBXFileReference section */

/* Begin PBXFrameworksBuildPhase section */
		189695F01C60E66200B7CFF7 /* Frameworks */ = {
			isa = PBXFrameworksBuildPhase;
			buildActionMask = 2147483647;
			files = (
			);
			runOnlyForDeploymentPostprocessing = 0;
		};
		189696091C60E66300B7CFF7 /* Frameworks */ = {
			isa = PBXFrameworksBuildPhase;
			buildActionMask = 2147483647;
			files = (
			);
			runOnlyForDeploymentPostprocessing = 0;
		};
		189696141C60E66300B7CFF7 /* Frameworks */ = {
			isa = PBXFrameworksBuildPhase;
			buildActionMask = 2147483647;
			files = (
			);
			runOnlyForDeploymentPostprocessing = 0;
		};
/* End PBXFrameworksBuildPhase section */

/* Begin PBXGroup section */
		188791AB1C80548300A83251 /* MJRefresh */ = {
			isa = PBXGroup;
			children = (
				188791AC1C80548300A83251 /* MJRefresh.bundle */,
				188791AD1C80548300A83251 /* MJRefresh.h */,
				188791AE1C80548300A83251 /* MJRefreshBaseView.h */,
				188791AF1C80548300A83251 /* MJRefreshBaseView.m */,
				188791B01C80548300A83251 /* MJRefreshConst.h */,
				188791B11C80548300A83251 /* MJRefreshConst.m */,
				188791B21C80548300A83251 /* MJRefreshFooterView.h */,
				188791B31C80548300A83251 /* MJRefreshFooterView.m */,
				188791B41C80548300A83251 /* MJRefreshHeaderView.h */,
				188791B51C80548300A83251 /* MJRefreshHeaderView.m */,
				188791B61C80548300A83251 /* UIScrollView+MJExtension.h */,
				188791B71C80548300A83251 /* UIScrollView+MJExtension.m */,
				188791B81C80548300A83251 /* UIScrollView+MJRefresh.h */,
				188791B91C80548300A83251 /* UIScrollView+MJRefresh.m */,
				188791BA1C80548300A83251 /* UIView+MJExtension.h */,
				188791BB1C80548300A83251 /* UIView+MJExtension.m */,
			);
			path = MJRefresh;
			sourceTree = "<group>";
		};
		189695EA1C60E66200B7CFF7 = {
			isa = PBXGroup;
			children = (
				189695F51C60E66200B7CFF7 /* Video */,
				1896960F1C60E66300B7CFF7 /* VideoTests */,
				1896961A1C60E66300B7CFF7 /* VideoUITests */,
				189695F41C60E66200B7CFF7 /* Products */,
			);
			sourceTree = "<group>";
		};
		189695F41C60E66200B7CFF7 /* Products */ = {
			isa = PBXGroup;
			children = (
				189695F31C60E66200B7CFF7 /* Video.app */,
				1896960C1C60E66300B7CFF7 /* VideoTests.xctest */,
				189696171C60E66300B7CFF7 /* VideoUITests.xctest */,
			);
			name = Products;
			sourceTree = "<group>";
		};
		189695F51C60E66200B7CFF7 /* Video */ = {
			isa = PBXGroup;
			children = (
				188791AB1C80548300A83251 /* MJRefresh */,
				1865DFF11C78ABBA00C0193D /* XLScrollViewer */,
				186AABE51C65F5F000725A85 /* selected@2x.png */,
				186B40291C61FA2C00279D66 /* RootTabBarController.h */,
				186B402A1C61FA2C00279D66 /* RootTabBarController.m */,
				1860C48D1C634F4000B4127D /* PrefixHeader.pch */,
				189695F91C60E66200B7CFF7 /* AppDelegate.h */,
				189695FA1C60E66200B7CFF7 /* AppDelegate.m */,
				186B40261C61F92800279D66 /* RootNavigationController.h */,
				186B40271C61F92800279D66 /* RootNavigationController.m */,
				189695FC1C60E66200B7CFF7 /* ViewController.h */,
				189695FD1C60E66200B7CFF7 /* ViewController.m */,
				189D6ED91C7F033D00FB4E07 /* MyTableViewCell.h */,
				189D6EDA1C7F033D00FB4E07 /* MyTableViewCell.m */,
				189D6EEB1C7F062B00FB4E07 /* Views */,
				189695FF1C60E66200B7CFF7 /* Main.storyboard */,
				189696021C60E66300B7CFF7 /* Assets.xcassets */,
				189696041C60E66300B7CFF7 /* LaunchScreen.storyboard */,
				189696071C60E66300B7CFF7 /* Info.plist */,
				189695F61C60E66200B7CFF7 /* Supporting Files */,
			);
			path = Video;
			sourceTree = "<group>";
		};
		189695F61C60E66200B7CFF7 /* Supporting Files */ = {
			isa = PBXGroup;
			children = (
				189695F71C60E66200B7CFF7 /* main.m */,
			);
			name = "Supporting Files";
			sourceTree = "<group>";
		};
		1896960F1C60E66300B7CFF7 /* VideoTests */ = {
			isa = PBXGroup;
			children = (
				189696101C60E66300B7CFF7 /* VideoTests.m */,
				189696121C60E66300B7CFF7 /* Info.plist */,
			);
			path = VideoTests;
			sourceTree = "<group>";
		};
		1896961A1C60E66300B7CFF7 /* VideoUITests */ = {
			isa = PBXGroup;
			children = (
				1896961B1C60E66300B7CFF7 /* VideoUITests.m */,
				1896961D1C60E66300B7CFF7 /* Info.plist */,
			);
			path = VideoUITests;
			sourceTree = "<group>";
		};
		189D6EEB1C7F062B00FB4E07 /* Views */ = {
			isa = PBXGroup;
			children = (
				189D6ED61C7F018600FB4E07 /* MyView1.h */,
				189D6ED71C7F018600FB4E07 /* MyView1.m */,
				189D6EDC1C7F05DD00FB4E07 /* MyView2.h */,
				189D6EDD1C7F05DD00FB4E07 /* MyView2.m */,
				189D6EDF1C7F05E500FB4E07 /* MyView3.h */,
				189D6EE01C7F05E500FB4E07 /* MyView3.m */,
				189D6EE21C7F05F300FB4E07 /* MyView4.h */,
				189D6EE31C7F05F300FB4E07 /* MyView4.m */,
				189D6EE51C7F05FC00FB4E07 /* MyView5.h */,
				189D6EE61C7F05FC00FB4E07 /* MyView5.m */,
				189D6EE81C7F060700FB4E07 /* MyView6.h */,
				189D6EE91C7F060700FB4E07 /* MyView6.m */,
			);
			name = Views;
			sourceTree = "<group>";
		};
/* End PBXGroup section */

/* Begin PBXNativeTarget section */
		189695F21C60E66200B7CFF7 /* Video */ = {
			isa = PBXNativeTarget;
			buildConfigurationList = 189696201C60E66300B7CFF7 /* Build configuration list for PBXNativeTarget "Video" */;
			buildPhases = (
				189695EF1C60E66200B7CFF7 /* Sources */,
				189695F01C60E66200B7CFF7 /* Frameworks */,
				189695F11C60E66200B7CFF7 /* Resources */,
			);
			buildRules = (
			);
			dependencies = (
			);
			name = Video;
			productName = Video;
			productReference = 189695F31C60E66200B7CFF7 /* Video.app */;
			productType = "com.apple.product-type.application";
		};
		1896960B1C60E66300B7CFF7 /* VideoTests */ = {
			isa = PBXNativeTarget;
			buildConfigurationList = 189696231C60E66300B7CFF7 /* Build configuration list for PBXNativeTarget "VideoTests" */;
			buildPhases = (
				189696081C60E66300B7CFF7 /* Sources */,
				189696091C60E66300B7CFF7 /* Frameworks */,
				1896960A1C60E66300B7CFF7 /* Resources */,
			);
			buildRules = (
			);
			dependencies = (
				1896960E1C60E66300B7CFF7 /* PBXTargetDependency */,
			);
			name = VideoTests;
			productName = VideoTests;
			productReference = 1896960C1C60E66300B7CFF7 /* VideoTests.xctest */;
			productType = "com.apple.product-type.bundle.unit-test";
		};
		189696161C60E66300B7CFF7 /* VideoUITests */ = {
			isa = PBXNativeTarget;
			buildConfigurationList = 189696261C60E66300B7CFF7 /* Build configuration list for PBXNativeTarget "VideoUITests" */;
			buildPhases = (
				189696131C60E66300B7CFF7 /* Sources */,
				189696141C60E66300B7CFF7 /* Frameworks */,
				189696151C60E66300B7CFF7 /* Resources */,
			);
			buildRules = (
			);
			dependencies = (
				189696191C60E66300B7CFF7 /* PBXTargetDependency */,
			);
			name = VideoUITests;
			productName = VideoUITests;
			productReference = 189696171C60E66300B7CFF7 /* VideoUITests.xctest */;
			productType = "com.apple.product-type.bundle.ui-testing";
		};
/* End PBXNativeTarget section */

/* Begin PBXProject section */
		189695EB1C60E66200B7CFF7 /* Project object */ = {
			isa = PBXProject;
			attributes = {
				LastUpgradeCheck = 0720;
				ORGANIZATIONNAME = apple;
				TargetAttributes = {
					189695F21C60E66200B7CFF7 = {
						CreatedOnToolsVersion = 7.2;
						DevelopmentTeam = T96G2SB6U5;
					};
					1896960B1C60E66300B7CFF7 = {
						CreatedOnToolsVersion = 7.2;
						DevelopmentTeam = T96G2SB6U5;
						TestTargetID = 189695F21C60E66200B7CFF7;
					};
					189696161C60E66300B7CFF7 = {
						CreatedOnToolsVersion = 7.2;
						DevelopmentTeam = T96G2SB6U5;
						TestTargetID = 189695F21C60E66200B7CFF7;
					};
				};
			};
			buildConfigurationList = 189695EE1C60E66200B7CFF7 /* Build configuration list for PBXProject "Video" */;
			compatibilityVersion = "Xcode 3.2";
			developmentRegion = English;
			hasScannedForEncodings = 0;
			knownRegions = (
				en,
				Base,
			);
			mainGroup = 189695EA1C60E66200B7CFF7;
			productRefGroup = 189695F41C60E66200B7CFF7 /* Products */;
			projectDirPath = "";
			projectRoot = "";
			targets = (
				189695F21C60E66200B7CFF7 /* Video */,
				1896960B1C60E66300B7CFF7 /* VideoTests */,
				189696161C60E66300B7CFF7 /* VideoUITests */,
			);
		};
/* End PBXProject section */

/* Begin PBXResourcesBuildPhase section */
		189695F11C60E66200B7CFF7 /* Resources */ = {
			isa = PBXResourcesBuildPhase;
			buildActionMask = 2147483647;
			files = (
				189696061C60E66300B7CFF7 /* LaunchScreen.storyboard in Resources */,
				186AABE61C65F5F000725A85 /* selected@2x.png in Resources */,
				188791BC1C80548300A83251 /* MJRefresh.bundle in Resources */,
				189696031C60E66300B7CFF7 /* Assets.xcassets in Resources */,
				189696011C60E66200B7CFF7 /* Main.storyboard in Resources */,
				1865DFF21C78ABBA00C0193D /* XLScrollViewer in Resources */,
			);
			runOnlyForDeploymentPostprocessing = 0;
		};
		1896960A1C60E66300B7CFF7 /* Resources */ = {
			isa = PBXResourcesBuildPhase;
			buildActionMask = 2147483647;
			files = (
			);
			runOnlyForDeploymentPostprocessing = 0;
		};
		189696151C60E66300B7CFF7 /* Resources */ = {
			isa = PBXResourcesBuildPhase;
			buildActionMask = 2147483647;
			files = (
			);
			runOnlyForDeploymentPostprocessing = 0;
		};
/* End PBXResourcesBuildPhase section */

/* Begin PBXSourcesBuildPhase section */
		189695EF1C60E66200B7CFF7 /* Sources */ = {
			isa = PBXSourcesBuildPhase;
			buildActionMask = 2147483647;
			files = (
				189D6EE11C7F05E500FB4E07 /* MyView3.m in Sources */,
				189D6EE71C7F05FC00FB4E07 /* MyView5.m in Sources */,
				189D6ED81C7F018600FB4E07 /* MyView1.m in Sources */,
				188791C11C80548300A83251 /* UIScrollView+MJExtension.m in Sources */,
				189D6EEA1C7F060700FB4E07 /* MyView6.m in Sources */,
				189D6EDB1C7F033D00FB4E07 /* MyTableViewCell.m in Sources */,
				189695FE1C60E66200B7CFF7 /* ViewController.m in Sources */,
				188791BD1C80548300A83251 /* MJRefreshBaseView.m in Sources */,
				186B402B1C61FA2C00279D66 /* RootTabBarController.m in Sources */,
				186B40281C61F92800279D66 /* RootNavigationController.m in Sources */,
				189695FB1C60E66200B7CFF7 /* AppDelegate.m in Sources */,
				188791C01C80548300A83251 /* MJRefreshHeaderView.m in Sources */,
				188791BE1C80548300A83251 /* MJRefreshConst.m in Sources */,
				189695F81C60E66200B7CFF7 /* main.m in Sources */,
				188791C21C80548300A83251 /* UIScrollView+MJRefresh.m in Sources */,
				188791C31C80548300A83251 /* UIView+MJExtension.m in Sources */,
				188791BF1C80548300A83251 /* MJRefreshFooterView.m in Sources */,
				189D6EDE1C7F05DD00FB4E07 /* MyView2.m in Sources */,
				189D6EE41C7F05F300FB4E07 /* MyView4.m in Sources */,
			);
			runOnlyForDeploymentPostprocessing = 0;
		};
		189696081C60E66300B7CFF7 /* Sources */ = {
			isa = PBXSourcesBuildPhase;
			buildActionMask = 2147483647;
			files = (
				189696111C60E66300B7CFF7 /* VideoTests.m in Sources */,
			);
			runOnlyForDeploymentPostprocessing = 0;
		};
		189696131C60E66300B7CFF7 /* Sources */ = {
			isa = PBXSourcesBuildPhase;
			buildActionMask = 2147483647;
			files = (
				1896961C1C60E66300B7CFF7 /* VideoUITests.m in Sources */,
			);
			runOnlyForDeploymentPostprocessing = 0;
		};
/* End PBXSourcesBuildPhase section */

/* Begin PBXTargetDependency section */
		1896960E1C60E66300B7CFF7 /* PBXTargetDependency */ = {
			isa = PBXTargetDependency;
			target = 189695F21C60E66200B7CFF7 /* Video */;
			targetProxy = 1896960D1C60E66300B7CFF7 /* PBXContainerItemProxy */;
		};
		189696191C60E66300B7CFF7 /* PBXTargetDependency */ = {
			isa = PBXTargetDependency;
			target = 189695F21C60E66200B7CFF7 /* Video */;
			targetProxy = 189696181C60E66300B7CFF7 /* PBXContainerItemProxy */;
		};
/* End PBXTargetDependency section */

/* Begin PBXVariantGroup section */
		189695FF1C60E66200B7CFF7 /* Main.storyboard */ = {
			isa = PBXVariantGroup;
			children = (
				189696001C60E66200B7CFF7 /* Base */,
			);
			name = Main.storyboard;
			sourceTree = "<group>";
		};
		189696041C60E66300B7CFF7 /* LaunchScreen.storyboard */ = {
			isa = PBXVariantGroup;
			children = (
				189696051C60E66300B7CFF7 /* Base */,
			);
			name = LaunchScreen.storyboard;
			sourceTree = "<group>";
		};
/* End PBXVariantGroup section */

/* Begin XCBuildConfiguration section */
		1896961E1C60E66300B7CFF7 /* Debug */ = {
			isa = XCBuildConfiguration;
			buildSettings = {
				ALWAYS_SEARCH_USER_PATHS = NO;
				CLANG_CXX_LANGUAGE_STANDARD = "gnu++0x";
				CLANG_CXX_LIBRARY = "libc++";
				CLANG_ENABLE_MODULES = YES;
				CLANG_ENABLE_OBJC_ARC = YES;
				CLANG_WARN_BOOL_CONVERSION = YES;
				CLANG_WARN_CONSTANT_CONVERSION = YES;
				CLANG_WARN_DIRECT_OBJC_ISA_USAGE = YES_ERROR;
				CLANG_WARN_EMPTY_BODY = YES;
				CLANG_WARN_ENUM_CONVERSION = YES;
				CLANG_WARN_INT_CONVERSION = YES;
				CLANG_WARN_OBJC_ROOT_CLASS = YES_ERROR;
				CLANG_WARN_UNREACHABLE_CODE = YES;
				CLANG_WARN__DUPLICATE_METHOD_MATCH = YES;
				"CODE_SIGN_IDENTITY[sdk=iphoneos*]" = "iPhone Developer";
				COPY_PHASE_STRIP = NO;
				DEBUG_INFORMATION_FORMAT = dwarf;
				ENABLE_STRICT_OBJC_MSGSEND = NO;
				ENABLE_TESTABILITY = YES;
				GCC_C_LANGUAGE_STANDARD = gnu99;
				GCC_DYNAMIC_NO_PIC = NO;
				GCC_NO_COMMON_BLOCKS = YES;
				GCC_OPTIMIZATION_LEVEL = 0;
				GCC_PREPROCESSOR_DEFINITIONS = (
					"DEBUG=1",
					"$(inherited)",
				);
				GCC_WARN_64_TO_32_BIT_CONVERSION = YES;
				GCC_WARN_ABOUT_RETURN_TYPE = YES_ERROR;
				GCC_WARN_UNDECLARED_SELECTOR = YES;
				GCC_WARN_UNINITIALIZED_AUTOS = YES_AGGRESSIVE;
				GCC_WARN_UNUSED_FUNCTION = YES;
				GCC_WARN_UNUSED_VARIABLE = YES;
				IPHONEOS_DEPLOYMENT_TARGET = 9.2;
				MTL_ENABLE_DEBUG_INFO = YES;
				ONLY_ACTIVE_ARCH = YES;
				SDKROOT = iphoneos;
			};
			name = Debug;
		};
		1896961F1C60E66300B7CFF7 /* Release */ = {
			isa = XCBuildConfiguration;
			buildSettings = {
				ALWAYS_SEARCH_USER_PATHS = NO;
				CLANG_CXX_LANGUAGE_STANDARD = "gnu++0x";
				CLANG_CXX_LIBRARY = "libc++";
				CLANG_ENABLE_MODULES = YES;
				CLANG_ENABLE_OBJC_ARC = YES;
				CLANG_WARN_BOOL_CONVERSION = YES;
				CLANG_WARN_CONSTANT_CONVERSION = YES;
				CLANG_WARN_DIRECT_OBJC_ISA_USAGE = YES_ERROR;
				CLANG_WARN_EMPTY_BODY = YES;
				CLANG_WARN_ENUM_CONVERSION = YES;
				CLANG_WARN_INT_CONVERSION = YES;
				CLANG_WARN_OBJC_ROOT_CLASS = YES_ERROR;
				CLANG_WARN_UNREACHABLE_CODE = YES;
				CLANG_WARN__DUPLICATE_METHOD_MATCH = YES;
				"CODE_SIGN_IDENTITY[sdk=iphoneos*]" = "iPhone Developer";
				COPY_PHASE_STRIP = NO;
				DEBUG_INFORMATION_FORMAT = "dwarf-with-dsym";
				ENABLE_NS_ASSERTIONS = NO;
				ENABLE_STRICT_OBJC_MSGSEND = NO;
				GCC_C_LANGUAGE_STANDARD = gnu99;
				GCC_NO_COMMON_BLOCKS = YES;
				GCC_WARN_64_TO_32_BIT_CONVERSION = YES;
				GCC_WARN_ABOUT_RETURN_TYPE = YES_ERROR;
				GCC_WARN_UNDECLARED_SELECTOR = YES;
				GCC_WARN_UNINITIALIZED_AUTOS = YES_AGGRESSIVE;
				GCC_WARN_UNUSED_FUNCTION = YES;
				GCC_WARN_UNUSED_VARIABLE = YES;
				IPHONEOS_DEPLOYMENT_TARGET = 9.2;
				MTL_ENABLE_DEBUG_INFO = NO;
				SDKROOT = iphoneos;
				VALIDATE_PRODUCT = YES;
			};
			name = Release;
		};
		189696211C60E66300B7CFF7 /* Debug */ = {
			isa = XCBuildConfiguration;
			buildSettings = {
				ASSETCATALOG_COMPILER_APPICON_NAME = AppIcon;
				GCC_PREFIX_HEADER = "$(SRCROOT)/Video/PrefixHeader.pch";
				INFOPLIST_FILE = Video/Info.plist;
				LD_RUNPATH_SEARCH_PATHS = "$(inherited) @executable_path/Frameworks";
				PRODUCT_BUNDLE_IDENTIFIER = zs.Video;
				PRODUCT_NAME = "$(TARGET_NAME)";
			};
			name = Debug;
		};
		189696221C60E66300B7CFF7 /* Release */ = {
			isa = XCBuildConfiguration;
			buildSettings = {
				ASSETCATALOG_COMPILER_APPICON_NAME = AppIcon;
				GCC_PREFIX_HEADER = "$(SRCROOT)/Video/PrefixHeader.pch";
				INFOPLIST_FILE = Video/Info.plist;
				LD_RUNPATH_SEARCH_PATHS = "$(inherited) @executable_path/Frameworks";
				PRODUCT_BUNDLE_IDENTIFIER = zs.Video;
				PRODUCT_NAME = "$(TARGET_NAME)";
			};
			name = Release;
		};
		189696241C60E66300B7CFF7 /* Debug */ = {
			isa = XCBuildConfiguration;
			buildSettings = {
				BUNDLE_LOADER = "$(TEST_HOST)";
				GCC_PRECOMPILE_PREFIX_HEADER = YES;
				GCC_PREFIX_HEADER = "$(SRCROOT)/Video/pchFile.pch";
				INFOPLIST_FILE = VideoTests/Info.plist;
				LD_RUNPATH_SEARCH_PATHS = "$(inherited) @executable_path/Frameworks @loader_path/Frameworks";
				PRODUCT_BUNDLE_IDENTIFIER = zs.VideoTests;
				PRODUCT_NAME = "$(TARGET_NAME)";
				TEST_HOST = "$(BUILT_PRODUCTS_DIR)/Video.app/Video";
			};
			name = Debug;
		};
		189696251C60E66300B7CFF7 /* Release */ = {
			isa = XCBuildConfiguration;
			buildSettings = {
				BUNDLE_LOADER = "$(TEST_HOST)";
				GCC_PRECOMPILE_PREFIX_HEADER = YES;
				GCC_PREFIX_HEADER = "$(SRCROOT)/Video/pchFile.pch";
				INFOPLIST_FILE = VideoTests/Info.plist;
				LD_RUNPATH_SEARCH_PATHS = "$(inherited) @executable_path/Frameworks @loader_path/Frameworks";
				PRODUCT_BUNDLE_IDENTIFIER = zs.VideoTests;
				PRODUCT_NAME = "$(TARGET_NAME)";
				TEST_HOST = "$(BUILT_PRODUCTS_DIR)/Video.app/Video";
			};
			name = Release;
		};
		189696271C60E66300B7CFF7 /* Debug */ = {
			isa = XCBuildConfiguration;
			buildSettings = {
				INFOPLIST_FILE = VideoUITests/Info.plist;
				LD_RUNPATH_SEARCH_PATHS = "$(inherited) @executable_path/Frameworks @loader_path/Frameworks";
				PRODUCT_BUNDLE_IDENTIFIER = zs.VideoUITests;
				PRODUCT_NAME = "$(TARGET_NAME)";
				TEST_TARGET_NAME = Video;
				USES_XCTRUNNER = YES;
			};
			name = Debug;
		};
		189696281C60E66300B7CFF7 /* Release */ = {
			isa = XCBuildConfiguration;
			buildSettings = {
				INFOPLIST_FILE = VideoUITests/Info.plist;
				LD_RUNPATH_SEARCH_PATHS = "$(inherited) @executable_path/Frameworks @loader_path/Frameworks";
				PRODUCT_BUNDLE_IDENTIFIER = zs.VideoUITests;
				PRODUCT_NAME = "$(TARGET_NAME)";
				TEST_TARGET_NAME = Video;
				USES_XCTRUNNER = YES;
			};
			name = Release;
		};
/* End XCBuildConfiguration section */

/* Begin XCConfigurationList section */
		189695EE1C60E66200B7CFF7 /* Build configuration list for PBXProject "Video" */ = {
			isa = XCConfigurationList;
			buildConfigurations = (
				1896961E1C60E66300B7CFF7 /* Debug */,
				1896961F1C60E66300B7CFF7 /* Release */,
			);
			defaultConfigurationIsVisible = 0;
			defaultConfigurationName = Release;
		};
		189696201C60E66300B7CFF7 /* Build configuration list for PBXNativeTarget "Video" */ = {
			isa = XCConfigurationList;
			buildConfigurations = (
				189696211C60E66300B7CFF7 /* Debug */,
				189696221C60E66300B7CFF7 /* Release */,
			);
			defaultConfigurationIsVisible = 0;
			defaultConfigurationName = Release;
		};
		189696231C60E66300B7CFF7 /* Build configuration list for PBXNativeTarget "VideoTests" */ = {
			isa = XCConfigurationList;
			buildConfigurations = (
				189696241C60E66300B7CFF7 /* Debug */,
				189696251C60E66300B7CFF7 /* Release */,
			);
			defaultConfigurationIsVisible = 0;
			defaultConfigurationName = Release;
		};
		189696261C60E66300B7CFF7 /* Build configuration list for PBXNativeTarget "VideoUITests" */ = {
			isa = XCConfigurationList;
			buildConfigurations = (
				189696271C60E66300B7CFF7 /* Debug */,
				189696281C60E66300B7CFF7 /* Release */,
			);
			defaultConfigurationIsVisible = 0;
			defaultConfigurationName = Release;
		};
/* End XCConfigurationList section */
	};
	rootObject = 189695EB1C60E66200B7CFF7 /* Project object */;
}
